Microsoft Visual Studio Solution File, Format Version 12.00
# Visual Studio 15
VisualStudioVersion = 15.0.27004.2010
MinimumVisualStudioVersion = 15.0.26124.0
Project("{2150E333-8FDC-42A3-9474-1A3956D46DE8}") = "RecursosCompartilhados", "RecursosCompartilhados", "{03C74B2E-E818-4B8B-81A0-EFA849CFE42C}"
EndProject
Project("{2150E333-8FDC-42A3-9474-1A3956D46DE8}") = "4 - Infra", "4 - Infra", "{FB32DCD0-F29F-4077-BF40-E3E5B454DAE6}"
EndProject
Project("{9A19103F-16F7-4668-BE54-9A1E7A4F7556}") = "RecursosCompartilhados.Dados", "RecursosCompartilhados\4 - Infra\RecursosCompartilhados.Dados\RecursosCompartilhados.Dados.csproj", "{90721945-0AFA-4423-8044-EDE92BDADE43}"
EndProject
Project("{2150E333-8FDC-42A3-9474-1A3956D46DE8}") = "3 - Dominio", "3 - Dominio", "{6AE029E5-C008-46C8-93CA-906A1F4BE411}"
EndProject
Project("{9A19103F-16F7-4668-BE54-9A1E7A4F7556}") = "RecursosCompartilhados.Dominio", "RecursosCompartilhados\3 - Dominio\RecursosCompartilhados.Dominio\RecursosCompartilhados.Dominio.csproj", "{AB68E8FA-B64E-448B-A2C5-0592733CDC35}"
EndProject
Project("{2150E333-8FDC-42A3-9474-1A3956D46DE8}") = "Aplicacao", "Aplicacao", "{07D39CD0-B7DF-404B-AE32-E19D9CB43BD0}"
EndProject
Project("{2150E333-8FDC-42A3-9474-1A3956D46DE8}") = "1 - Servicos", "1 - Servicos", "{E0E6B457-168A-4CB0-91A2-0C159CAD943C}"
EndProject
Project("{9A19103F-16F7-4668-BE54-9A1E7A4F7556}") = "BigBang.WebApi", "Aplicacao\1 - Servicos\BigBang.WebApi\BigBang.WebApi.csproj", "{D2AAEDB5-3D9D-4F71-9945-681CD9A145D3}"
EndProject
Project("{2150E333-8FDC-42A3-9474-1A3956D46DE8}") = "2 - Aplicacao", "2 - Aplicacao", "{D3DCE6AA-080A-4042-8EF8-3F23E95F7DEF}"
EndProject
Project("{9A19103F-16F7-4668-BE54-9A1E7A4F7556}") = "BigBang.Aplicacao", "Aplicacao\2 - Aplicacao\BigBang.Aplicacao\BigBang.Aplicacao.csproj", "{5BC57ED7-55DC-4EF7-8C85-C215DB5FBA79}"
EndProject
Project("{2150E333-8FDC-42A3-9474-1A3956D46DE8}") = "3 - Dominio", "3 - Dominio", "{2336252A-5D96-4196-8A90-7042AFFD9327}"
EndProject
Project("{9A19103F-16F7-4668-BE54-9A1E7A4F7556}") = "BigBang.Dominio", "Aplicacao\3 - Dominio\BigBang.Dominio\BigBang.Dominio.csproj", "{C5083CA1-E4D9-4253-A927-EDA8C8479CB4}"
EndProject
Project("{2150E333-8FDC-42A3-9474-1A3956D46DE8}") = "4 - Infra", "4 - Infra", "{7F15B523-8702-4707-A4C2-5F1966281CD6}"
EndProject
Project("{9A19103F-16F7-4668-BE54-9A1E7A4F7556}") = "BigBang.Dados", "Aplicacao\4 - Infra\BigBang.Dados\BigBang.Dados.csproj", "{5153C890-4119-4B41-B290-4AABD328A8EF}"
EndProject
Project("{9A19103F-16F7-4668-BE54-9A1E7A4F7556}") = "BigBang.Infra", "Aplicacao\4 - Infra\BigBang.Infra\BigBang.Infra.csproj", "{42B2A23F-206D-4FC8-AA5F-E791AE755E68}"
EndProject
Project("{2150E333-8FDC-42A3-9474-1A3956D46DE8}") = "2 - Aplicacao", "2 - Aplicacao", "{664B8275-C7DC-41BE-8B06-7B27D510E2AF}"
EndProject
Project("{9A19103F-16F7-4668-BE54-9A1E7A4F7556}") = "RecursosCompartilhados.Aplicacao", "RecursosCompartilhados\2 - Aplicacao\RecursosCompartilhados.Aplicacao\RecursosCompartilhados.Aplicacao.csproj", "{E5F1A1C0-1D36-4197-A1C4-9505D72A31D3}"
EndProject
Project("{E53339B2-1760-4266-BCC7-CA923CBCF16C}") = "docker-compose", "docker-compose.dcproj", "{8174416E-6C69-45B9-A9CB-B9CA7DB6D908}"
EndProject
Global
	GlobalSection(SolutionConfigurationPlatforms) = preSolution
		Debug|Any CPU = Debug|Any CPU
		Debug|x64 = Debug|x64
		Debug|x86 = Debug|x86
		Release|Any CPU = Release|Any CPU
		Release|x64 = Release|x64
		Release|x86 = Release|x86
	EndGlobalSection
	GlobalSection(ProjectConfigurationPlatforms) = postSolution
		{90721945-0AFA-4423-8044-EDE92BDADE43}.Debug|Any CPU.ActiveCfg = Debug|Any CPU
		{90721945-0AFA-4423-8044-EDE92BDADE43}.Debug|Any CPU.Build.0 = Debug|Any CPU
		{90721945-0AFA-4423-8044-EDE92BDADE43}.Debug|x64.ActiveCfg = Debug|Any CPU
		{90721945-0AFA-4423-8044-EDE92BDADE43}.Debug|x64.Build.0 = Debug|Any CPU
		{90721945-0AFA-4423-8044-EDE92BDADE43}.Debug|x86.ActiveCfg = Debug|Any CPU
		{90721945-0AFA-4423-8044-EDE92BDADE43}.Debug|x86.Build.0 = Debug|Any CPU
		{90721945-0AFA-4423-8044-EDE92BDADE43}.Release|Any CPU.ActiveCfg = Release|Any CPU
		{90721945-0AFA-4423-8044-EDE92BDADE43}.Release|Any CPU.Build.0 = Release|Any CPU
		{90721945-0AFA-4423-8044-EDE92BDADE43}.Release|x64.ActiveCfg = Release|Any CPU
		{90721945-0AFA-4423-8044-EDE92BDADE43}.Release|x64.Build.0 = Release|Any CPU
		{90721945-0AFA-4423-8044-EDE92BDADE43}.Release|x86.ActiveCfg = Release|Any CPU
		{90721945-0AFA-4423-8044-EDE92BDADE43}.Release|x86.Build.0 = Release|Any CPU
		{AB68E8FA-B64E-448B-A2C5-0592733CDC35}.Debug|Any CPU.ActiveCfg = Debug|Any CPU
		{AB68E8FA-B64E-448B-A2C5-0592733CDC35}.Debug|Any CPU.Build.0 = Debug|Any CPU
		{AB68E8FA-B64E-448B-A2C5-0592733CDC35}.Debug|x64.ActiveCfg = Debug|Any CPU
		{AB68E8FA-B64E-448B-A2C5-0592733CDC35}.Debug|x64.Build.0 = Debug|Any CPU
		{AB68E8FA-B64E-448B-A2C5-0592733CDC35}.Debug|x86.ActiveCfg = Debug|Any CPU
		{AB68E8FA-B64E-448B-A2C5-0592733CDC35}.Debug|x86.Build.0 = Debug|Any CPU
		{AB68E8FA-B64E-448B-A2C5-0592733CDC35}.Release|Any CPU.ActiveCfg = Release|Any CPU
		{AB68E8FA-B64E-448B-A2C5-0592733CDC35}.Release|Any CPU.Build.0 = Release|Any CPU
		{AB68E8FA-B64E-448B-A2C5-0592733CDC35}.Release|x64.ActiveCfg = Release|Any CPU
		{AB68E8FA-B64E-448B-A2C5-0592733CDC35}.Release|x64.Build.0 = Release|Any CPU
		{AB68E8FA-B64E-448B-A2C5-0592733CDC35}.Release|x86.ActiveCfg = Release|Any CPU
		{AB68E8FA-B64E-448B-A2C5-0592733CDC35}.Release|x86.Build.0 = Release|Any CPU
		{D2AAEDB5-3D9D-4F71-9945-681CD9A145D3}.Debug|Any CPU.ActiveCfg = Debug|Any CPU
		{D2AAEDB5-3D9D-4F71-9945-681CD9A145D3}.Debug|Any CPU.Build.0 = Debug|Any CPU
		{D2AAEDB5-3D9D-4F71-9945-681CD9A145D3}.Debug|x64.ActiveCfg = Debug|Any CPU
		{D2AAEDB5-3D9D-4F71-9945-681CD9A145D3}.Debug|x64.Build.0 = Debug|Any CPU
		{D2AAEDB5-3D9D-4F71-9945-681CD9A145D3}.Debug|x86.ActiveCfg = Debug|Any CPU
		{D2AAEDB5-3D9D-4F71-9945-681CD9A145D3}.Debug|x86.Build.0 = Debug|Any CPU
		{D2AAEDB5-3D9D-4F71-9945-681CD9A145D3}.Release|Any CPU.ActiveCfg = Release|Any CPU
		{D2AAEDB5-3D9D-4F71-9945-681CD9A145D3}.Release|Any CPU.Build.0 = Release|Any CPU
		{D2AAEDB5-3D9D-4F71-9945-681CD9A145D3}.Release|x64.ActiveCfg = Release|Any CPU
		{D2AAEDB5-3D9D-4F71-9945-681CD9A145D3}.Release|x64.Build.0 = Release|Any CPU
		{D2AAEDB5-3D9D-4F71-9945-681CD9A145D3}.Release|x86.ActiveCfg = Release|Any CPU
		{D2AAEDB5-3D9D-4F71-9945-681CD9A145D3}.Release|x86.Build.0 = Release|Any CPU
		{5BC57ED7-55DC-4EF7-8C85-C215DB5FBA79}.Debug|Any CPU.ActiveCfg = Debug|Any CPU
		{5BC57ED7-55DC-4EF7-8C85-C215DB5FBA79}.Debug|Any CPU.Build.0 = Debug|Any CPU
		{5BC57ED7-55DC-4EF7-8C85-C215DB5FBA79}.Debug|x64.ActiveCfg = Debug|Any CPU
		{5BC57ED7-55DC-4EF7-8C85-C215DB5FBA79}.Debug|x64.Build.0 = Debug|Any CPU
		{5BC57ED7-55DC-4EF7-8C85-C215DB5FBA79}.Debug|x86.ActiveCfg = Debug|Any CPU
		{5BC57ED7-55DC-4EF7-8C85-C215DB5FBA79}.Debug|x86.Build.0 = Debug|Any CPU
		{5BC57ED7-55DC-4EF7-8C85-C215DB5FBA79}.Release|Any CPU.ActiveCfg = Release|Any CPU
		{5BC57ED7-55DC-4EF7-8C85-C215DB5FBA79}.Release|Any CPU.Build.0 = Release|Any CPU
		{5BC57ED7-55DC-4EF7-8C85-C215DB5FBA79}.Release|x64.ActiveCfg = Release|Any CPU
		{5BC57ED7-55DC-4EF7-8C85-C215DB5FBA79}.Release|x64.Build.0 = Release|Any CPU
		{5BC57ED7-55DC-4EF7-8C85-C215DB5FBA79}.Release|x86.ActiveCfg = Release|Any CPU
		{5BC57ED7-55DC-4EF7-8C85-C215DB5FBA79}.Release|x86.Build.0 = Release|Any CPU
		{C5083CA1-E4D9-4253-A927-EDA8C8479CB4}.Debug|Any CPU.ActiveCfg = Debug|Any CPU
		{C5083CA1-E4D9-4253-A927-EDA8C8479CB4}.Debug|Any CPU.Build.0 = Debug|Any CPU
		{C5083CA1-E4D9-4253-A927-EDA8C8479CB4}.Debug|x64.ActiveCfg = Debug|Any CPU
		{C5083CA1-E4D9-4253-A927-EDA8C8479CB4}.Debug|x64.Build.0 = Debug|Any CPU
		{C5083CA1-E4D9-4253-A927-EDA8C8479CB4}.Debug|x86.ActiveCfg = Debug|Any CPU
		{C5083CA1-E4D9-4253-A927-EDA8C8479CB4}.Debug|x86.Build.0 = Debug|Any CPU
		{C5083CA1-E4D9-4253-A927-EDA8C8479CB4}.Release|Any CPU.ActiveCfg = Release|Any CPU
		{C5083CA1-E4D9-4253-A927-EDA8C8479CB4}.Release|Any CPU.Build.0 = Release|Any CPU
		{C5083CA1-E4D9-4253-A927-EDA8C8479CB4}.Release|x64.ActiveCfg = Release|Any CPU
		{C5083CA1-E4D9-4253-A927-EDA8C8479CB4}.Release|x64.Build.0 = Release|Any CPU
		{C5083CA1-E4D9-4253-A927-EDA8C8479CB4}.Release|x86.ActiveCfg = Release|Any CPU
		{C5083CA1-E4D9-4253-A927-EDA8C8479CB4}.Release|x86.Build.0 = Release|Any CPU
		{5153C890-4119-4B41-B290-4AABD328A8EF}.Debug|Any CPU.ActiveCfg = Debug|Any CPU
		{5153C890-4119-4B41-B290-4AABD328A8EF}.Debug|Any CPU.Build.0 = Debug|Any CPU
		{5153C890-4119-4B41-B290-4AABD328A8EF}.Debug|x64.ActiveCfg = Debug|Any CPU
		{5153C890-4119-4B41-B290-4AABD328A8EF}.Debug|x64.Build.0 = Debug|Any CPU
		{5153C890-4119-4B41-B290-4AABD328A8EF}.Debug|x86.ActiveCfg = Debug|Any CPU
		{5153C890-4119-4B41-B290-4AABD328A8EF}.Debug|x86.Build.0 = Debug|Any CPU
		{5153C890-4119-4B41-B290-4AABD328A8EF}.Release|Any CPU.ActiveCfg = Release|Any CPU
		{5153C890-4119-4B41-B290-4AABD328A8EF}.Release|Any CPU.Build.0 = Release|Any CPU
		{5153C890-4119-4B41-B290-4AABD328A8EF}.Release|x64.ActiveCfg = Release|Any CPU
		{5153C890-4119-4B41-B290-4AABD328A8EF}.Release|x64.Build.0 = Release|Any CPU
		{5153C890-4119-4B41-B290-4AABD328A8EF}.Release|x86.ActiveCfg = Release|Any CPU
		{5153C890-4119-4B41-B290-4AABD328A8EF}.Release|x86.Build.0 = Release|Any CPU
		{42B2A23F-206D-4FC8-AA5F-E791AE755E68}.Debug|Any CPU.ActiveCfg = Debug|Any CPU
		{42B2A23F-206D-4FC8-AA5F-E791AE755E68}.Debug|Any CPU.Build.0 = Debug|Any CPU
		{42B2A23F-206D-4FC8-AA5F-E791AE755E68}.Debug|x64.ActiveCfg = Debug|Any CPU
		{42B2A23F-206D-4FC8-AA5F-E791AE755E68}.Debug|x64.Build.0 = Debug|Any CPU
		{42B2A23F-206D-4FC8-AA5F-E791AE755E68}.Debug|x86.ActiveCfg = Debug|Any CPU
		{42B2A23F-206D-4FC8-AA5F-E791AE755E68}.Debug|x86.Build.0 = Debug|Any CPU
		{42B2A23F-206D-4FC8-AA5F-E791AE755E68}.Release|Any CPU.ActiveCfg = Release|Any CPU
		{42B2A23F-206D-4FC8-AA5F-E791AE755E68}.Release|Any CPU.Build.0 = Release|Any CPU
		{42B2A23F-206D-4FC8-AA5F-E791AE755E68}.Release|x64.ActiveCfg = Release|Any CPU
		{42B2A23F-206D-4FC8-AA5F-E791AE755E68}.Release|x64.Build.0 = Release|Any CPU
		{42B2A23F-206D-4FC8-AA5F-E791AE755E68}.Release|x86.ActiveCfg = Release|Any CPU
		{42B2A23F-206D-4FC8-AA5F-E791AE755E68}.Release|x86.Build.0 = Release|Any CPU
		{E5F1A1C0-1D36-4197-A1C4-9505D72A31D3}.Debug|Any CPU.ActiveCfg = Debug|Any CPU
		{E5F1A1C0-1D36-4197-A1C4-9505D72A31D3}.Debug|Any CPU.Build.0 = Debug|Any CPU
		{E5F1A1C0-1D36-4197-A1C4-9505D72A31D3}.Debug|x64.ActiveCfg = Debug|Any CPU
		{E5F1A1C0-1D36-4197-A1C4-9505D72A31D3}.Debug|x64.Build.0 = Debug|Any CPU
		{E5F1A1C0-1D36-4197-A1C4-9505D72A31D3}.Debug|x86.ActiveCfg = Debug|Any CPU
		{E5F1A1C0-1D36-4197-A1C4-9505D72A31D3}.Debug|x86.Build.0 = Debug|Any CPU
		{E5F1A1C0-1D36-4197-A1C4-9505D72A31D3}.Release|Any CPU.ActiveCfg = Release|Any CPU
		{E5F1A1C0-1D36-4197-A1C4-9505D72A31D3}.Release|Any CPU.Build.0 = Release|Any CPU
		{E5F1A1C0-1D36-4197-A1C4-9505D72A31D3}.Release|x64.ActiveCfg = Release|Any CPU
		{E5F1A1C0-1D36-4197-A1C4-9505D72A31D3}.Release|x64.Build.0 = Release|Any CPU
		{E5F1A1C0-1D36-4197-A1C4-9505D72A31D3}.Release|x86.ActiveCfg = Release|Any CPU
		{E5F1A1C0-1D36-4197-A1C4-9505D72A31D3}.Release|x86.Build.0 = Release|Any CPU
		{8174416E-6C69-45B9-A9CB-B9CA7DB6D908}.Debug|Any CPU.ActiveCfg = Debug|Any CPU
		{8174416E-6C69-45B9-A9CB-B9CA7DB6D908}.Debug|Any CPU.Build.0 = Debug|Any CPU
		{8174416E-6C69-45B9-A9CB-B9CA7DB6D908}.Debug|x64.ActiveCfg = Debug|Any CPU
		{8174416E-6C69-45B9-A9CB-B9CA7DB6D908}.Debug|x64.Build.0 = Debug|Any CPU
		{8174416E-6C69-45B9-A9CB-B9CA7DB6D908}.Debug|x86.ActiveCfg = Debug|Any CPU
		{8174416E-6C69-45B9-A9CB-B9CA7DB6D908}.Debug|x86.Build.0 = Debug|Any CPU
		{8174416E-6C69-45B9-A9CB-B9CA7DB6D908}.Release|Any CPU.ActiveCfg = Release|Any CPU
		{8174416E-6C69-45B9-A9CB-B9CA7DB6D908}.Release|Any CPU.Build.0 = Release|Any CPU
		{8174416E-6C69-45B9-A9CB-B9CA7DB6D908}.Release|x64.ActiveCfg = Release|Any CPU
		{8174416E-6C69-45B9-A9CB-B9CA7DB6D908}.Release|x64.Build.0 = Release|Any CPU
		{8174416E-6C69-45B9-A9CB-B9CA7DB6D908}.Release|x86.ActiveCfg = Release|Any CPU
		{8174416E-6C69-45B9-A9CB-B9CA7DB6D908}.Release|x86.Build.0 = Release|Any CPU
	EndGlobalSection
	GlobalSection(SolutionProperties) = preSolution
		HideSolutionNode = FALSE
	EndGlobalSection
	GlobalSection(NestedProjects) = preSolution
		{FB32DCD0-F29F-4077-BF40-E3E5B454DAE6} = {03C74B2E-E818-4B8B-81A0-EFA849CFE42C}
		{90721945-0AFA-4423-8044-EDE92BDADE43} = {FB32DCD0-F29F-4077-BF40-E3E5B454DAE6}
		{6AE029E5-C008-46C8-93CA-906A1F4BE411} = {03C74B2E-E818-4B8B-81A0-EFA849CFE42C}
		{AB68E8FA-B64E-448B-A2C5-0592733CDC35} = {6AE029E5-C008-46C8-93CA-906A1F4BE411}
		{E0E6B457-168A-4CB0-91A2-0C159CAD943C} = {07D39CD0-B7DF-404B-AE32-E19D9CB43BD0}
		{D2AAEDB5-3D9D-4F71-9945-681CD9A145D3} = {E0E6B457-168A-4CB0-91A2-0C159CAD943C}
		{D3DCE6AA-080A-4042-8EF8-3F23E95F7DEF} = {07D39CD0-B7DF-404B-AE32-E19D9CB43BD0}
		{5BC57ED7-55DC-4EF7-8C85-C215DB5FBA79} = {D3DCE6AA-080A-4042-8EF8-3F23E95F7DEF}
		{2336252A-5D96-4196-8A90-7042AFFD9327} = {07D39CD0-B7DF-404B-AE32-E19D9CB43BD0}
		{C5083CA1-E4D9-4253-A927-EDA8C8479CB4} = {2336252A-5D96-4196-8A90-7042AFFD9327}
		{7F15B523-8702-4707-A4C2-5F1966281CD6} = {07D39CD0-B7DF-404B-AE32-E19D9CB43BD0}
		{5153C890-4119-4B41-B290-4AABD328A8EF} = {7F15B523-8702-4707-A4C2-5F1966281CD6}
		{42B2A23F-206D-4FC8-AA5F-E791AE755E68} = {7F15B523-8702-4707-A4C2-5F1966281CD6}
		{664B8275-C7DC-41BE-8B06-7B27D510E2AF} = {03C74B2E-E818-4B8B-81A0-EFA849CFE42C}
		{E5F1A1C0-1D36-4197-A1C4-9505D72A31D3} = {664B8275-C7DC-41BE-8B06-7B27D510E2AF}
	EndGlobalSection
	GlobalSection(ExtensibilityGlobals) = postSolution
		SolutionGuid = {66884052-0120-4601-96D9-BDB6CE0E2BDB}
	EndGlobalSection
EndGlobal
